
Microsoft Visual Studio Solution File, Format Version 12.00
# Visual Studio Version 16
VisualStudioVersion = 16.0.31613.86
MinimumVisualStudioVersion = 10.0.40219.1
Project("{FAE04EC0-301F-11D3-BF4B-00C04F79EFBC}") = "2.3P_NUnit", "2.3P_NUnit\2.3P_NUnit.csproj", "{CD569FDE-B814-4B10-B8CF-A02F06611B77}"
EndProject
Global
	GlobalSection(SolutionConfigurationPlatforms) = preSolution
		Debug|Any CPU = Debug|Any CPU
		Release|Any CPU = Release|Any CPU
	EndGlobalSection
	GlobalSection(ProjectConfigurationPlatforms) = postSolution
		{CD569FDE-B814-4B10-B8CF-A02F06611B77}.Debug|Any CPU.ActiveCfg = Debug|Any CPU
		{CD569FDE-B814-4B10-B8CF-A02F06611B77}.Debug|Any CPU.Build.0 = Debug|Any CPU
		{CD569FDE-B814-4B10-B8CF-A02F06611B77}.Release|Any CPU.ActiveCfg = Release|Any CPU
		{CD569FDE-B814-4B10-B8CF-A02F06611B77}.Release|Any CPU.Build.0 = Release|Any CPU
	EndGlobalSection
	GlobalSection(SolutionProperties) = preSolution
		HideSolutionNode = FALSE
	EndGlobalSection
	GlobalSection(ExtensibilityGlobals) = postSolution
		SolutionGuid = {64CE67BB-A1DC-4CD5-89F8-355AF03BE986}
	EndGlobalSection
EndGlobal
